// !$*UTF8*$!
{
	archiveVersion = 1;
	classes = {
	};
	objectVersion = 46;
	objects = {

/* Begin PBXBuildFile section */
		3296C2152055B4EB0007C515 /* LeagueVCViewController.swift in Sources */ = {isa = PBXBuildFile; fileRef = 3296C2142055B4EB0007C515 /* LeagueVCViewController.swift */; };
		3296C2172055C2F60007C515 /* WelcomeVC.swift in Sources */ = {isa = PBXBuildFile; fileRef = 3296C2162055C2F60007C515 /* WelcomeVC.swift */; };
		32B8F7B520435DEA0055987D /* AppDelegate.swift in Sources */ = {isa = PBXBuildFile; fileRef = 32B8F7B420435DEA0055987D /* AppDelegate.swift */; };
		32B8F7BA20435DEA0055987D /* Main.storyboard in Resources */ = {isa = PBXBuildFile; fileRef = 32B8F7B820435DEA0055987D /* Main.storyboard */; };
		32B8F7BC20435DEA0055987D /* Assets.xcassets in Resources */ = {isa = PBXBuildFile; fileRef = 32B8F7BB20435DEA0055987D /* Assets.xcassets */; };
		32B8F7BF20435DEA0055987D /* LaunchScreen.storyboard in Resources */ = {isa = PBXBuildFile; fileRef = 32B8F7BD20435DEA0055987D /* LaunchScreen.storyboard */; };
		32B8F7C8204369ED0055987D /* BorderButton.swift in Sources */ = {isa = PBXBuildFile; fileRef = 32B8F7C7204369ED0055987D /* BorderButton.swift */; };
/* End PBXBuildFile section */

/* Begin PBXFileReference section */
		3296C2142055B4EB0007C515 /* LeagueVCViewController.swift */ = {isa = PBXFileReference; fileEncoding = 4; lastKnownFileType = sourcecode.swift; name = LeagueVCViewController.swift; path = "app--swoosh/LeagueVCViewController.swift"; sourceTree = "<group>"; };
		3296C2162055C2F60007C515 /* WelcomeVC.swift */ = {isa = PBXFileReference; fileEncoding = 4; lastKnownFileType = sourcecode.swift; name = WelcomeVC.swift; path = "app--swoosh/WelcomeVC.swift"; sourceTree = "<group>"; };
		32B8F7B120435DEA0055987D /* app-swoosh.app */ = {isa = PBXFileReference; explicitFileType = wrapper.application; includeInIndex = 0; path = "app-swoosh.app"; sourceTree = BUILT_PRODUCTS_DIR; };
		32B8F7B420435DEA0055987D /* AppDelegate.swift */ = {isa = PBXFileReference; lastKnownFileType = sourcecode.swift; path = AppDelegate.swift; sourceTree = "<group>"; };
		32B8F7B920435DEA0055987D /* Base */ = {isa = PBXFileReference; lastKnownFileType = file.storyboard; name = Base; path = Base.lproj/Main.storyboard; sourceTree = "<group>"; };
		32B8F7BB20435DEA0055987D /* Assets.xcassets */ = {isa = PBXFileReference; lastKnownFileType = folder.assetcatalog; path = Assets.xcassets; sourceTree = "<group>"; };
		32B8F7BE20435DEA0055987D /* Base */ = {isa = PBXFileReference; lastKnownFileType = file.storyboard; name = Base; path = Base.lproj/LaunchScreen.storyboard; sourceTree = "<group>"; };
		32B8F7C020435DEA0055987D /* Info.plist */ = {isa = PBXFileReference; lastKnownFileType = text.plist.xml; path = Info.plist; sourceTree = "<group>"; };
		32B8F7C7204369ED0055987D /* BorderButton.swift */ = {isa = PBXFileReference; fileEncoding = 4; lastKnownFileType = sourcecode.swift; path = BorderButton.swift; sourceTree = "<group>"; };
/* End PBXFileReference section */

/* Begin PBXFrameworksBuildPhase section */
		32B8F7AE20435DE90055987D /* Frameworks */ = {
			isa = PBXFrameworksBuildPhase;
			buildActionMask = 2147483647;
			files = (
			);
			runOnlyForDeploymentPostprocessing = 0;
		};
/* End PBXFrameworksBuildPhase section */

/* Begin PBXGroup section */
		3296C21220559B750007C515 /* models */ = {
			isa = PBXGroup;
			children = (
				3296C2142055B4EB0007C515 /* LeagueVCViewController.swift */,
				3296C2162055C2F60007C515 /* WelcomeVC.swift */,
			);
			name = models;
			sourceTree = "<group>";
		};
		3296C21320559B8A0007C515 /* controllers */ = {
			isa = PBXGroup;
			children = (
			);
			name = controllers;
			sourceTree = "<group>";
		};
		32B8F7A820435DE90055987D = {
			isa = PBXGroup;
			children = (
				32B8F7B320435DEA0055987D /* app-swoosh */,
				32B8F7B220435DEA0055987D /* Products */,
			);
			sourceTree = "<group>";
		};
		32B8F7B220435DEA0055987D /* Products */ = {
			isa = PBXGroup;
			children = (
				32B8F7B120435DEA0055987D /* app-swoosh.app */,
			);
			name = Products;
			sourceTree = "<group>";
		};
		32B8F7B320435DEA0055987D /* app-swoosh */ = {
			isa = PBXGroup;
			children = (
				3296C21320559B8A0007C515 /* controllers */,
				3296C21220559B750007C515 /* models */,
				32B8F7C6204368E80055987D /* Views */,
				32B8F7B420435DEA0055987D /* AppDelegate.swift */,
				32B8F7B820435DEA0055987D /* Main.storyboard */,
				32B8F7BB20435DEA0055987D /* Assets.xcassets */,
				32B8F7BD20435DEA0055987D /* LaunchScreen.storyboard */,
				32B8F7C020435DEA0055987D /* Info.plist */,
			);
			path = "app-swoosh";
			sourceTree = "<group>";
		};
		32B8F7C6204368E80055987D /* Views */ = {
			isa = PBXGroup;
			children = (
				32B8F7C7204369ED0055987D /* BorderButton.swift */,
			);
			name = Views;
			sourceTree = "<group>";
		};
/* End PBXGroup section */

/* Begin PBXNativeTarget section */
		32B8F7B020435DE90055987D /* app-swoosh */ = {
			isa = PBXNativeTarget;
			buildConfigurationList = 32B8F7C320435DEA0055987D /* Build configuration list for PBXNativeTarget "app-swoosh" */;
			buildPhases = (
				32B8F7AD20435DE90055987D /* Sources */,
				32B8F7AE20435DE90055987D /* Frameworks */,
				32B8F7AF20435DE90055987D /* Resources */,
			);
			buildRules = (
			);
			dependencies = (
			);
			name = "app-swoosh";
			productName = "app-swoosh";
			productReference = 32B8F7B120435DEA0055987D /* app-swoosh.app */;
			productType = "com.apple.product-type.application";
		};
/* End PBXNativeTarget section */

/* Begin PBXProject section */
		32B8F7A920435DE90055987D /* Project object */ = {
			isa = PBXProject;
			attributes = {
				LastSwiftUpdateCheck = 0820;
				LastUpgradeCheck = 0820;
				ORGANIZATIONNAME = "semaj lashley";
				TargetAttributes = {
					32B8F7B020435DE90055987D = {
						CreatedOnToolsVersion = 8.2.1;
						ProvisioningStyle = Automatic;
					};
				};
			};
			buildConfigurationList = 32B8F7AC20435DE90055987D /* Build configuration list for PBXProject "app-swoosh" */;
			compatibilityVersion = "Xcode 3.2";
			developmentRegion = English;
			hasScannedForEncodings = 0;
			knownRegions = (
				en,
				Base,
			);
			mainGroup = 32B8F7A820435DE90055987D;
			productRefGroup = 32B8F7B220435DEA0055987D /* Products */;
			projectDirPath = "";
			projectRoot = "";
			targets = (
				32B8F7B020435DE90055987D /* app-swoosh */,
			);
		};
/* End PBXProject section */

/* Begin PBXResourcesBuildPhase section */
		32B8F7AF20435DE90055987D /* Resources */ = {
			isa = PBXResourcesBuildPhase;
			buildActionMask = 2147483647;
			files = (
				32B8F7BF20435DEA0055987D /* LaunchScreen.storyboard in Resources */,
				32B8F7BC20435DEA0055987D /* Assets.xcassets in Resources */,
				32B8F7BA20435DEA0055987D /* Main.storyboard in Resources */,
			);
			runOnlyForDeploymentPostprocessing = 0;
		};
/* End PBXResourcesBuildPhase section */

/* Begin PBXSourcesBuildPhase section */
		32B8F7AD20435DE90055987D /* Sources */ = {
			isa = PBXSourcesBuildPhase;
			buildActionMask = 2147483647;
			files = (
				32B8F7B520435DEA0055987D /* AppDelegate.swift in Sources */,
				3296C2152055B4EB0007C515 /* LeagueVCViewController.swift in Sources */,
				32B8F7C8204369ED0055987D /* BorderButton.swift in Sources */,
				3296C2172055C2F60007C515 /* WelcomeVC.swift in Sources */,
			);
			runOnlyForDeploymentPostprocessing = 0;
		};
/* End PBXSourcesBuildPhase section */

/* Begin PBXVariantGroup section */
		32B8F7B820435DEA0055987D /* Main.storyboard */ = {
			isa = PBXVariantGroup;
			children = (
				32B8F7B920435DEA0055987D /* Base */,
			);
			name = Main.storyboard;
			sourceTree = "<group>";
		};
		32B8F7BD20435DEA0055987D /* LaunchScreen.storyboard */ = {
			isa = PBXVariantGroup;
			children = (
				32B8F7BE20435DEA0055987D /* Base */,
			);
			name = LaunchScreen.storyboard;
			sourceTree = "<group>";
		};
/* End PBXVariantGroup section */

/* Begin XCBuildConfiguration section */
		32B8F7C120435DEA0055987D /* Debug */ = {
			isa = XCBuildConfiguration;
			buildSettings = {
				ALWAYS_SEARCH_USER_PATHS = NO;
				CLANG_ANALYZER_NONNULL = YES;
				CLANG_CXX_LANGUAGE_STANDARD = "gnu++0x";
				CLANG_CXX_LIBRARY = "libc++";
				CLANG_ENABLE_MODULES = YES;
				CLANG_ENABLE_OBJC_ARC = YES;
				CLANG_WARN_BOOL_CONVERSION = YES;
				CLANG_WARN_CONSTANT_CONVERSION = YES;
				CLANG_WARN_DIRECT_OBJC_ISA_USAGE = YES_ERROR;
				CLANG_WARN_DOCUMENTATION_COMMENTS = YES;
				CLANG_WARN_EMPTY_BODY = YES;
				CLANG_WARN_ENUM_CONVERSION = YES;
				CLANG_WARN_INFINITE_RECURSION = YES;
				CLANG_WARN_INT_CONVERSION = YES;
				CLANG_WARN_OBJC_ROOT_CLASS = YES_ERROR;
				CLANG_WARN_SUSPICIOUS_MOVE = YES;
				CLANG_WARN_UNREACHABLE_CODE = YES;
				CLANG_WARN__DUPLICATE_METHOD_MATCH = YES;
				"CODE_SIGN_IDENTITY[sdk=iphoneos*]" = "iPhone Developer";
				COPY_PHASE_STRIP = NO;
				DEBUG_INFORMATION_FORMAT = dwarf;
				ENABLE_STRICT_OBJC_MSGSEND = YES;
				ENABLE_TESTABILITY = YES;
				GCC_C_LANGUAGE_STANDARD = gnu99;
				GCC_DYNAMIC_NO_PIC = NO;
				GCC_NO_COMMON_BLOCKS = YES;
				GCC_OPTIMIZATION_LEVEL = 0;
				GCC_PREPROCESSOR_DEFINITIONS = (
					"DEBUG=1",
					"$(inherited)",
				);
				GCC_WARN_64_TO_32_BIT_CONVERSION = YES;
				GCC_WARN_ABOUT_RETURN_TYPE = YES_ERROR;
				GCC_WARN_UNDECLARED_SELECTOR = YES;
				GCC_WARN_UNINITIALIZED_AUTOS = YES_AGGRESSIVE;
				GCC_WARN_UNUSED_FUNCTION = YES;
				GCC_WARN_UNUSED_VARIABLE = YES;
				IPHONEOS_DEPLOYMENT_TARGET = 10.2;
				MTL_ENABLE_DEBUG_INFO = YES;
				ONLY_ACTIVE_ARCH = YES;
				SDKROOT = iphoneos;
				SWIFT_ACTIVE_COMPILATION_CONDITIONS = DEBUG;
				SWIFT_OPTIMIZATION_LEVEL = "-Onone";
				TARGETED_DEVICE_FAMILY = "1,2";
			};
			name = Debug;
		};
		32B8F7C220435DEA0055987D /* Release */ = {
			isa = XCBuildConfiguration;
			buildSettings = {
				ALWAYS_SEARCH_USER_PATHS = NO;
				CLANG_ANALYZER_NONNULL = YES;
				CLANG_CXX_LANGUAGE_STANDARD = "gnu++0x";
				CLANG_CXX_LIBRARY = "libc++";
				CLANG_ENABLE_MODULES = YES;
				CLANG_ENABLE_OBJC_ARC = YES;
				CLANG_WARN_BOOL_CONVERSION = YES;
				CLANG_WARN_CONSTANT_CONVERSION = YES;
				CLANG_WARN_DIRECT_OBJC_ISA_USAGE = YES_ERROR;
				CLANG_WARN_DOCUMENTATION_COMMENTS = YES;
				CLANG_WARN_EMPTY_BODY = YES;
				CLANG_WARN_ENUM_CONVERSION = YES;
				CLANG_WARN_INFINITE_RECURSION = YES;
				CLANG_WARN_INT_CONVERSION = YES;
				CLANG_WARN_OBJC_ROOT_CLASS = YES_ERROR;
				CLANG_WARN_SUSPICIOUS_MOVE = YES;
				CLANG_WARN_UNREACHABLE_CODE = YES;
				CLANG_WARN__DUPLICATE_METHOD_MATCH = YES;
				"CODE_SIGN_IDENTITY[sdk=iphoneos*]" = "iPhone Developer";
				COPY_PHASE_STRIP = NO;
				DEBUG_INFORMATION_FORMAT = "dwarf-with-dsym";
				ENABLE_NS_ASSERTIONS = NO;
				ENABLE_STRICT_OBJC_MSGSEND = YES;
				GCC_C_LANGUAGE_STANDARD = gnu99;
				GCC_NO_COMMON_BLOCKS = YES;
				GCC_WARN_64_TO_32_BIT_CONVERSION = YES;
				GCC_WARN_ABOUT_RETURN_TYPE = YES_ERROR;
				GCC_WARN_UNDECLARED_SELECTOR = YES;
				GCC_WARN_UNINITIALIZED_AUTOS = YES_AGGRESSIVE;
				GCC_WARN_UNUSED_FUNCTION = YES;
				GCC_WARN_UNUSED_VARIABLE = YES;
				IPHONEOS_DEPLOYMENT_TARGET = 10.2;
				MTL_ENABLE_DEBUG_INFO = NO;
				SDKROOT = iphoneos;
				SWIFT_OPTIMIZATION_LEVEL = "-Owholemodule";
				TARGETED_DEVICE_FAMILY = "1,2";
				VALIDATE_PRODUCT = YES;
			};
			name = Release;
		};
		32B8F7C420435DEA0055987D /* Debug */ = {
			isa = XCBuildConfiguration;
			buildSettings = {
				ASSETCATALOG_COMPILER_APPICON_NAME = AppIcon;
				INFOPLIST_FILE = "app-swoosh/Info.plist";
				LD_RUNPATH_SEARCH_PATHS = "$(inherited) @executable_path/Frameworks";
				PRODUCT_BUNDLE_IDENTIFIER = "com.semajlashley.app-swoosh";
				PRODUCT_NAME = "$(TARGET_NAME)";
				SWIFT_VERSION = 3.0;
			};
			name = Debug;
		};
		32B8F7C520435DEA0055987D /* Release */ = {
			isa = XCBuildConfiguration;
			buildSettings = {
				ASSETCATALOG_COMPILER_APPICON_NAME = AppIcon;
				INFOPLIST_FILE = "app-swoosh/Info.plist";
				LD_RUNPATH_SEARCH_PATHS = "$(inherited) @executable_path/Frameworks";
				PRODUCT_BUNDLE_IDENTIFIER = "com.semajlashley.app-swoosh";
				PRODUCT_NAME = "$(TARGET_NAME)";
				SWIFT_VERSION = 3.0;
			};
			name = Release;
		};
/* End XCBuildConfiguration section */

/* Begin XCConfigurationList section */
		32B8F7AC20435DE90055987D /* Build configuration list for PBXProject "app-swoosh" */ = {
			isa = XCConfigurationList;
			buildConfigurations = (
				32B8F7C120435DEA0055987D /* Debug */,
				32B8F7C220435DEA0055987D /* Release */,
			);
			defaultConfigurationIsVisible = 0;
			defaultConfigurationName = Release;
		};
		32B8F7C320435DEA0055987D /* Build configuration list for PBXNativeTarget "app-swoosh" */ = {
			isa = XCConfigurationList;
			buildConfigurations = (
				32B8F7C420435DEA0055987D /* Debug */,
				32B8F7C520435DEA0055987D /* Release */,
			);
			defaultConfigurationIsVisible = 0;
			defaultConfigurationName = Release;
		};
/* End XCConfigurationList section */
	};
	rootObject = 32B8F7A920435DE90055987D /* Project object */;
}
